
Microsoft Visual Studio Solution File, Format Version 12.00
# Visual Studio Version 17
VisualStudioVersion = 17.5.33424.131
MinimumVisualStudioVersion = 10.0.40219.1
Project("{9A19103F-16F7-4668-BE54-9A1E7A4F7556}") = "NKatmanliEvrakTakip", "NKatmanliEvrakTakip\NKatmanliEvrakTakip.csproj", "{E38E5D97-A60D-4FE7-B45D-DC76D6EC381C}"
EndProject
Project("{9A19103F-16F7-4668-BE54-9A1E7A4F7556}") = "Business", "Business\Business.csproj", "{ACCFF6DA-8562-4168-B199-52A4E735F46D}"
EndProject
Project("{9A19103F-16F7-4668-BE54-9A1E7A4F7556}") = "DataAccess", "DataAccess\DataAccess.csproj", "{2D18C695-AF6C-4C0F-9D10-A14951541ED8}"
EndProject
Project("{9A19103F-16F7-4668-BE54-9A1E7A4F7556}") = "Entities", "Entities\Entities.csproj", "{A2B6C5C3-5BF4-45F9-B592-B7C48DEB857A}"
EndProject
Project("{9A19103F-16F7-4668-BE54-9A1E7A4F7556}") = "Core", "Core\Core.csproj", "{964A5E71-DF71-4213-BCFC-D45AA20385C3}"
EndProject
Global
	GlobalSection(SolutionConfigurationPlatforms) = preSolution
		Debug|Any CPU = Debug|Any CPU
		Release|Any CPU = Release|Any CPU
	EndGlobalSection
	GlobalSection(ProjectConfigurationPlatforms) = postSolution
		{E38E5D97-A60D-4FE7-B45D-DC76D6EC381C}.Debug|Any CPU.ActiveCfg = Debug|Any CPU
		{E38E5D97-A60D-4FE7-B45D-DC76D6EC381C}.Debug|Any CPU.Build.0 = Debug|Any CPU
		{E38E5D97-A60D-4FE7-B45D-DC76D6EC381C}.Release|Any CPU.ActiveCfg = Release|Any CPU
		{E38E5D97-A60D-4FE7-B45D-DC76D6EC381C}.Release|Any CPU.Build.0 = Release|Any CPU
		{ACCFF6DA-8562-4168-B199-52A4E735F46D}.Debug|Any CPU.ActiveCfg = Debug|Any CPU
		{ACCFF6DA-8562-4168-B199-52A4E735F46D}.Debug|Any CPU.Build.0 = Debug|Any CPU
		{ACCFF6DA-8562-4168-B199-52A4E735F46D}.Release|Any CPU.ActiveCfg = Release|Any CPU
		{ACCFF6DA-8562-4168-B199-52A4E735F46D}.Release|Any CPU.Build.0 = Release|Any CPU
		{2D18C695-AF6C-4C0F-9D10-A14951541ED8}.Debug|Any CPU.ActiveCfg = Debug|Any CPU
		{2D18C695-AF6C-4C0F-9D10-A14951541ED8}.Debug|Any CPU.Build.0 = Debug|Any CPU
		{2D18C695-AF6C-4C0F-9D10-A14951541ED8}.Release|Any CPU.ActiveCfg = Release|Any CPU
		{2D18C695-AF6C-4C0F-9D10-A14951541ED8}.Release|Any CPU.Build.0 = Release|Any CPU
		{A2B6C5C3-5BF4-45F9-B592-B7C48DEB857A}.Debug|Any CPU.ActiveCfg = Debug|Any CPU
		{A2B6C5C3-5BF4-45F9-B592-B7C48DEB857A}.Debug|Any CPU.Build.0 = Debug|Any CPU
		{A2B6C5C3-5BF4-45F9-B592-B7C48DEB857A}.Release|Any CPU.ActiveCfg = Release|Any CPU
		{A2B6C5C3-5BF4-45F9-B592-B7C48DEB857A}.Release|Any CPU.Build.0 = Release|Any CPU
		{964A5E71-DF71-4213-BCFC-D45AA20385C3}.Debug|Any CPU.ActiveCfg = Debug|Any CPU
		{964A5E71-DF71-4213-BCFC-D45AA20385C3}.Debug|Any CPU.Build.0 = Debug|Any CPU
		{964A5E71-DF71-4213-BCFC-D45AA20385C3}.Release|Any CPU.ActiveCfg = Release|Any CPU
		{964A5E71-DF71-4213-BCFC-D45AA20385C3}.Release|Any CPU.Build.0 = Release|Any CPU
	EndGlobalSection
	GlobalSection(SolutionProperties) = preSolution
		HideSolutionNode = FALSE
	EndGlobalSection
	GlobalSection(ExtensibilityGlobals) = postSolution
		SolutionGuid = {F3B62885-8FE7-437D-874A-72EE341C63D0}
	EndGlobalSection
EndGlobal
